
Microsoft Visual Studio Solution File, Format Version 12.00
# Visual Studio Version 17
VisualStudioVersion = 17.8.34525.116
MinimumVisualStudioVersion = 10.0.40219.1
Project("{FAE04EC0-301F-11D3-BF4B-00C04F79EFBC}") = "BibliotechPF.DAL", "BibliotechPF.DAL\BibliotechPF.DAL.csproj", "{DAA68769-6842-4D74-9470-E01B9360C12F}"
EndProject
Project("{FAE04EC0-301F-11D3-BF4B-00C04F79EFBC}") = "BibliotechPF.API", "BibliotechPF.API\BibliotechPF.API.csproj", "{24F9A30B-70CE-4166-A1B5-041D128C10C9}"
EndProject
Project("{FAE04EC0-301F-11D3-BF4B-00C04F79EFBC}") = "BibliotechPF.BL", "BibliotechPF.BL\BibliotechPF.BL.csproj", "{3F387CDB-6A1A-42E3-9745-76247B8589D8}"
EndProject
Global
	GlobalSection(SolutionConfigurationPlatforms) = preSolution
		Debug|Any CPU = Debug|Any CPU
		Release|Any CPU = Release|Any CPU
	EndGlobalSection
	GlobalSection(ProjectConfigurationPlatforms) = postSolution
		{DAA68769-6842-4D74-9470-E01B9360C12F}.Debug|Any CPU.ActiveCfg = Debug|Any CPU
		{DAA68769-6842-4D74-9470-E01B9360C12F}.Debug|Any CPU.Build.0 = Debug|Any CPU
		{DAA68769-6842-4D74-9470-E01B9360C12F}.Release|Any CPU.ActiveCfg = Release|Any CPU
		{DAA68769-6842-4D74-9470-E01B9360C12F}.Release|Any CPU.Build.0 = Release|Any CPU
		{24F9A30B-70CE-4166-A1B5-041D128C10C9}.Debug|Any CPU.ActiveCfg = Debug|Any CPU
		{24F9A30B-70CE-4166-A1B5-041D128C10C9}.Debug|Any CPU.Build.0 = Debug|Any CPU
		{24F9A30B-70CE-4166-A1B5-041D128C10C9}.Release|Any CPU.ActiveCfg = Release|Any CPU
		{24F9A30B-70CE-4166-A1B5-041D128C10C9}.Release|Any CPU.Build.0 = Release|Any CPU
		{3F387CDB-6A1A-42E3-9745-76247B8589D8}.Debug|Any CPU.ActiveCfg = Debug|Any CPU
		{3F387CDB-6A1A-42E3-9745-76247B8589D8}.Debug|Any CPU.Build.0 = Debug|Any CPU
		{3F387CDB-6A1A-42E3-9745-76247B8589D8}.Release|Any CPU.ActiveCfg = Release|Any CPU
		{3F387CDB-6A1A-42E3-9745-76247B8589D8}.Release|Any CPU.Build.0 = Release|Any CPU
	EndGlobalSection
	GlobalSection(SolutionProperties) = preSolution
		HideSolutionNode = FALSE
	EndGlobalSection
	GlobalSection(ExtensibilityGlobals) = postSolution
		SolutionGuid = {FA6A9072-A09F-4543-BBAC-88B0474CBBB9}
	EndGlobalSection
EndGlobal
